# THIS IS AN AUTOGENERATED FILE. DO NOT EDIT THIS FILE DIRECTLY.
# yarn lockfile v1


"@bitauth/libauth@^1.18.1":
  version "1.18.1"
  resolved "https://registry.yarnpkg.com/@bitauth/libauth/-/libauth-1.18.1.tgz#b1c632ed85f73c16a0ff89d81e8a92809fa15108"
  integrity sha512-s7evdGbdGAnGkv7xt6mCbcWTTNvburc1Z9EX/8JKwcRLqofjDs7VAEz+RP3a8OGEo4MWFV6Ydqu/BeJjIA7Kdg==

"@cashscript/utils@^0.6.3":
  version "0.6.3"
  resolved "https://registry.yarnpkg.com/@cashscript/utils/-/utils-0.6.3.tgz#b4ad03237a41ca9fb5a3cd489a0b1467d29a777d"
  integrity sha512-DwWxgAM/XRmpGaeiQ0qZUQKw0C+eDNnjvkwo6hWux1JCY5Sv/HyysEIF1wk+mpAmV4nzpnfuAsU6muu/aF7B0w==
  dependencies:
    "@bitauth/libauth" "^1.18.1"
    hash.js "^1.1.7"

"@types/node@*":
  version "15.3.0"
  resolved "https://registry.yarnpkg.com/@types/node/-/node-15.3.0.tgz#d6fed7d6bc6854306da3dea1af9f874b00783e26"
  integrity sha512-8/bnjSZD86ZfpBsDlCIkNXIvm+h6wi9g7IqL+kmFkQ+Wvu3JrasgLElfiPgoo8V8vVfnEi0QVS12gbl94h9YsQ==

"@types/ws@^7.2.6":
  version "7.4.4"
  resolved "https://registry.yarnpkg.com/@types/ws/-/ws-7.4.4.tgz#93e1e00824c1de2608c30e6de4303ab3b4c0c9bc"
  integrity sha512-d/7W23JAXPodQNbOZNXvl2K+bqAQrCMwlh/nuQsPSQk6Fq0opHoPrUw43aHsvSbIiQPr8Of2hkFbnz1XBFVyZQ==
  dependencies:
    "@types/node" "*"

antlr4ts@^0.5.0-alpha.4:
  version "0.5.0-alpha.4"
  resolved "https://registry.yarnpkg.com/antlr4ts/-/antlr4ts-0.5.0-alpha.4.tgz#71702865a87478ed0b40c0709f422cf14d51652a"
  integrity sha512-WPQDt1B74OfPv/IMS2ekXAKkTZIHl88uMetg6q3OTqgFxZ/dxDXI0EWLyZid/1Pe6hTftyg5N7gel5wNAGxXyQ==

async-mutex@^0.2.4:
  version "0.2.6"
  resolved "https://registry.yarnpkg.com/async-mutex/-/async-mutex-0.2.6.tgz#0d7a3deb978bc2b984d5908a2038e1ae2e54ff40"
  integrity sha512-Hs4R+4SPgamu6rSGW8C7cV9gaWUKEHykfzCCvIRuaVv636Ju10ZdeUbvb4TBEW0INuq2DHZqXbK4Nd3yG4RaRw==
  dependencies:
    tslib "^2.0.0"

bip68@^1.0.4:
  version "1.0.4"
  resolved "https://registry.yarnpkg.com/bip68/-/bip68-1.0.4.tgz#78a95c7a43fad183957995cc2e08d79b0c372c4d"
  integrity sha512-O1htyufFTYy3EO0JkHg2CLykdXEtV2ssqw47Gq9A0WByp662xpJnMEB9m43LZjsSDjIAOozWRExlFQk2hlV1XQ==

bitcoin-rpc-promise-retry@^1.3.0:
  version "1.3.0"
  resolved "https://registry.yarnpkg.com/bitcoin-rpc-promise-retry/-/bitcoin-rpc-promise-retry-1.3.0.tgz#28a9f5aa7b5528b0518b0bcccde63e7384e1626b"
  integrity sha512-xhldBhYwiUNY4spzkXXcU9LEq+nbSKJ5tvYWEUe/XTCe1VYoe8tEb5jJq4MBA2d+5egiUOA+P1QTTYm1FqPtOg==
  dependencies:
    bitcoind-rpc "^0.8.0"

bitcoind-rpc@^0.8.0:
  version "0.8.1"
  resolved "https://registry.yarnpkg.com/bitcoind-rpc/-/bitcoind-rpc-0.8.1.tgz#11889972e46c346870d26cf680e3a7e3e52b1ff1"
  integrity sha512-NfhykAT/x/P1SOiog8UzltvTiv6A6d2X5VWJ3UjGeAqFLXv+IYHy+E4fFCBmgQRyIb1EIcyIZK1SVpSOGRHsaw==

cashc@^0.6.3:
  version "0.6.3"
  resolved "https://registry.yarnpkg.com/cashc/-/cashc-0.6.3.tgz#dd77424ce2323c3c3bcd21be3b75e7144acada43"
  integrity sha512-Jd19Em2y3fMK4Xtr9citQqVRlSUMjZG+PVPRSGM5BVcJaYuLOLzHL1iAXAz+RIvkMvaFMaownpOP4yFyMJRWIA==
  dependencies:
    "@bitauth/libauth" "^1.18.1"
    "@cashscript/utils" "^0.6.3"
    antlr4ts "^0.5.0-alpha.4"
    commander "^7.1.0"
    semver "^7.3.4"

cashscript@^0.6.3:
  version "0.6.3"
  resolved "https://registry.yarnpkg.com/cashscript/-/cashscript-0.6.3.tgz#0a399032e70f5b6c2484d995bfdee458a7aa4803"
  integrity sha512-ISWioARsX/TnUJrcU6w0WsBW5HCY5GKxM2F065AovGf9z7XhmK+UeQnch+mKVUzV96BzPw0HUuTAQpDvFqbMeg==
  dependencies:
    "@bitauth/libauth" "^1.18.1"
    "@cashscript/utils" "^0.6.3"
    bip68 "^1.0.4"
    bitcoin-rpc-promise-retry "^1.3.0"
    delay "^5.0.0"
    electrum-cash "^2.0.6"

commander@^7.1.0:
  version "7.2.0"
  resolved "https://registry.yarnpkg.com/commander/-/commander-7.2.0.tgz#a36cb57d0b501ce108e4d20559a150a391d97ab7"
  integrity sha512-QrWXB+ZQSVPmIWIhtEO9H+gwHaMGYiF5ChvoJ+K9ZGHG/sVsa6yiesAD1GC/x46sET00Xlwo1u49RVVVzvcSkw==

debug@^4.1.1:
  version "4.3.1"
  resolved "https://registry.yarnpkg.com/debug/-/debug-4.3.1.tgz#f0d229c505e0c6d8c49ac553d1b13dc183f6b2ee"
  integrity sha512-doEwdvm4PCeK4K3RQN2ZC2BYUBaxwLARCqZmMjtF8a51J2Rb0xpVloFRnCODwqjpwnAoao4pelN8l3RJdv3gRQ==
  dependencies:
    ms "2.1.2"

delay@^5.0.0:
  version "5.0.0"
  resolved "https://registry.yarnpkg.com/delay/-/delay-5.0.0.tgz#137045ef1b96e5071060dd5be60bf9334436bd1d"
  integrity sha512-ReEBKkIfe4ya47wlPYf/gu5ib6yUG0/Aez0JQZQz94kiWtRQvZIQbTiehsnwHvLSWJnQdhVeqYue7Id1dKr0qw==

dom-walk@^0.1.0:
  version "0.1.2"
  resolved "https://registry.yarnpkg.com/dom-walk/-/dom-walk-0.1.2.tgz#0c548bef048f4d1f2a97249002236060daa3fd84"
  integrity sha512-6QvTW9mrGeIegrFXdtQi9pk7O/nSK6lSdXW2eqUspN5LWD7UTji2Fqw5V2YLjBpHEoU9Xl/eUWNpDeZvoyOv2w==

electrum-cash@^2.0.6:
  version "2.0.7"
  resolved "https://registry.yarnpkg.com/electrum-cash/-/electrum-cash-2.0.7.tgz#56bad780f35f60f39948b0ee42820724fb9c7ec5"
  integrity sha512-AHgrJR7WVdo8mWH3E1Us1VygOUvLuJVFJnItMbj/thsApqecqxZznzhlqMjc+mHhole6S1xq/nOkmRo5OAtRow==
  dependencies:
    "@types/ws" "^7.2.6"
    async-mutex "^0.2.4"
    debug "^4.1.1"
    isomorphic-ws "^4.0.1"
    ws "^7.3.1"

esbuild@^0.11.23:
  version "0.11.23"
  resolved "https://registry.yarnpkg.com/esbuild/-/esbuild-0.11.23.tgz#c42534f632e165120671d64db67883634333b4b8"
  integrity sha512-iaiZZ9vUF5wJV8ob1tl+5aJTrwDczlvGP0JoMmnpC2B0ppiMCu8n8gmy5ZTGl5bcG081XBVn+U+jP+mPFm5T5Q==

global@^4.4.0:
  version "4.4.0"
  resolved "https://registry.yarnpkg.com/global/-/global-4.4.0.tgz#3e7b105179006a323ed71aafca3e9c57a5cc6406"
  integrity sha512-wv/LAoHdRE3BeTGz53FAamhGlPLhlssK45usmGFThIi4XqnBmjKQ16u+RNbP7WvigRZDxUsM0J3gcQ5yicaL0w==
  dependencies:
    min-document "^2.19.0"
    process "^0.11.10"

hash.js@^1.1.7:
  version "1.1.7"
  resolved "https://registry.yarnpkg.com/hash.js/-/hash.js-1.1.7.tgz#0babca538e8d4ee4a0f8988d68866537a003cf42"
  integrity sha512-taOaskGt4z4SOANNseOviYDvjEJinIkRgmp7LbKP2YTTmVxWBl87s/uzK9r+44BclBSp2X7K1hqeNfz9JbBeXA==
  dependencies:
    inherits "^2.0.3"
    minimalistic-assert "^1.0.1"

inherits@^2.0.3:
  version "2.0.4"
  resolved "https://registry.yarnpkg.com/inherits/-/inherits-2.0.4.tgz#0fa2c64f932917c3433a0ded55363aae37416b7c"
  integrity sha512-k/vGaX4/Yla3WzyMCvTQOXYeIHvqOKtnqBduzTHpzpQZzAskKMhZ2K+EnBiSM9zGSoIFeMpXKxa4dYeZIQqewQ==

isomorphic-ws@^4.0.1:
  version "4.0.1"
  resolved "https://registry.yarnpkg.com/isomorphic-ws/-/isomorphic-ws-4.0.1.tgz#55fd4cd6c5e6491e76dc125938dd863f5cd4f2dc"
  integrity sha512-BhBvN2MBpWTaSHdWRb/bwdZJ1WaehQ2L1KngkCkfLUGF0mAWAT1sQUQacEmQ0jXkFw/czDXPNQSL5u2/Krsz1w==

lru-cache@^6.0.0:
  version "6.0.0"
  resolved "https://registry.yarnpkg.com/lru-cache/-/lru-cache-6.0.0.tgz#6d6fe6570ebd96aaf90fcad1dafa3b2566db3a94"
  integrity sha512-Jo6dJ04CmSjuznwJSS3pUeWmd/H0ffTlkXXgwZi+eq1UCmqQwCh+eLsYOYCwY991i2Fah4h1BEMCx4qThGbsiA==
  dependencies:
    yallist "^4.0.0"

min-document@^2.19.0:
  version "2.19.0"
  resolved "https://registry.yarnpkg.com/min-document/-/min-document-2.19.0.tgz#7bd282e3f5842ed295bb748cdd9f1ffa2c824685"
  integrity sha1-e9KC4/WELtKVu3SM3Z8f+iyCRoU=
  dependencies:
    dom-walk "^0.1.0"

minimalistic-assert@^1.0.1:
  version "1.0.1"
  resolved "https://registry.yarnpkg.com/minimalistic-assert/-/minimalistic-assert-1.0.1.tgz#2e194de044626d4a10e7f7fbc00ce73e83e4d5c7"
  integrity sha512-UtJcAD4yEaGtjPezWuO9wC4nwUnVH/8/Im3yEHQP4b67cXlD/Qr9hdITCU1xDbSEXg2XKNaP8jsReV7vQd00/A==

ms@2.1.2:
  version "2.1.2"
  resolved "https://registry.yarnpkg.com/ms/-/ms-2.1.2.tgz#d09d1f357b443f493382a8eb3ccd183872ae6009"
  integrity sha512-sGkPx+VjMtmA6MX27oA4FBFELFCZZ4S4XqeGOXCv68tT+jb3vk/RyaKWP0PTKyWtmLSM0b+adUTEvbs1PEaH2w==

process@^0.11.10:
  version "0.11.10"
  resolved "https://registry.yarnpkg.com/process/-/process-0.11.10.tgz#7332300e840161bda3e69a1d1d91a7d4bc16f182"
  integrity sha1-czIwDoQBYb2j5podHZGn1LwW8YI=

rescript@^9.1.2:
  version "9.1.2"
  resolved "https://registry.yarnpkg.com/rescript/-/rescript-9.1.2.tgz#a81f8a735f1a7006233bfc72eb081ca7182a0d79"
  integrity sha512-4wHvTDv3nyYnAPJHcg1RGG8z7u3HDiBf6RN3P/dITDv859Qo35aKOzJWQtfBzbAs0EKNafLqei3TnUqiAv6BwQ==

semver@^7.3.4:
  version "7.3.5"
  resolved "https://registry.yarnpkg.com/semver/-/semver-7.3.5.tgz#0b621c879348d8998e4b0e4be94b3f12e6018ef7"
  integrity sha512-PoeGJYh8HK4BTO/a9Tf6ZG3veo/A7ZVsYrSA6J8ny9nb3B1VrpkuN+z9OE5wfE5p6H4LchYZsegiQgbJD94ZFQ==
  dependencies:
    lru-cache "^6.0.0"

tslib@^2.0.0:
  version "2.2.0"
  resolved "https://registry.yarnpkg.com/tslib/-/tslib-2.2.0.tgz#fb2c475977e35e241311ede2693cee1ec6698f5c"
  integrity sha512-gS9GVHRU+RGn5KQM2rllAlR3dU6m7AcpJKdtH8gFvQiC4Otgk98XnmMU+nZenHt/+VhnBPWwgrJsyrdcw6i23w==

ws@^7.3.1:
  version "7.4.5"
  resolved "https://registry.yarnpkg.com/ws/-/ws-7.4.5.tgz#a484dd851e9beb6fdb420027e3885e8ce48986c1"
  integrity sha512-xzyu3hFvomRfXKH8vOFMU3OguG6oOvhXMo3xsGy3xWExqaM2dxBbVxuD99O7m3ZUFMvvscsZDqxfgMaRr/Nr1g==

yallist@^4.0.0:
  version "4.0.0"
  resolved "https://registry.yarnpkg.com/yallist/-/yallist-4.0.0.tgz#9bb92790d9c0effec63be73519e11a35019a3a72"
  integrity sha512-3wdGidZyq5PB084XLES5TpOSRA3wjXAlIWMhum2kRcv/41Sn2emQ0dycQW4uZXLejwKvg6EsvbdlVL+FYEct7A==
